
Microsoft Visual Studio Solution File, Format Version 12.00
# Visual Studio Version 17
VisualStudioVersion = 17.9.34728.123
MinimumVisualStudioVersion = 10.0.40219.1
Project("{FAE04EC0-301F-11D3-BF4B-00C04F79EFBC}") = "DestinyMatch-API", "DestinyMatch-API.csproj", "{F7AFADB3-32C2-46CF-B101-19ABA2C35CBE}"
EndProject
Project("{FAE04EC0-301F-11D3-BF4B-00C04F79EFBC}") = "DataAccess", "..\DataAccess\DataAccess.csproj", "{325C989B-0E10-4A14-82BD-7CCBB4E89F51}"
EndProject
Project("{FAE04EC0-301F-11D3-BF4B-00C04F79EFBC}") = "BusinessService", "..\BusinessService\BusinessService.csproj", "{141B1AD6-0885-4058-81E2-81121C2BFEF7}"
EndProject
Global
	GlobalSection(SolutionConfigurationPlatforms) = preSolution
		Debug|Any CPU = Debug|Any CPU
		Release|Any CPU = Release|Any CPU
	EndGlobalSection
	GlobalSection(ProjectConfigurationPlatforms) = postSolution
		{F7AFADB3-32C2-46CF-B101-19ABA2C35CBE}.Debug|Any CPU.ActiveCfg = Debug|Any CPU
		{F7AFADB3-32C2-46CF-B101-19ABA2C35CBE}.Debug|Any CPU.Build.0 = Debug|Any CPU
		{F7AFADB3-32C2-46CF-B101-19ABA2C35CBE}.Release|Any CPU.ActiveCfg = Release|Any CPU
		{F7AFADB3-32C2-46CF-B101-19ABA2C35CBE}.Release|Any CPU.Build.0 = Release|Any CPU
		{325C989B-0E10-4A14-82BD-7CCBB4E89F51}.Debug|Any CPU.ActiveCfg = Debug|Any CPU
		{325C989B-0E10-4A14-82BD-7CCBB4E89F51}.Debug|Any CPU.Build.0 = Debug|Any CPU
		{325C989B-0E10-4A14-82BD-7CCBB4E89F51}.Release|Any CPU.ActiveCfg = Release|Any CPU
		{325C989B-0E10-4A14-82BD-7CCBB4E89F51}.Release|Any CPU.Build.0 = Release|Any CPU
		{141B1AD6-0885-4058-81E2-81121C2BFEF7}.Debug|Any CPU.ActiveCfg = Debug|Any CPU
		{141B1AD6-0885-4058-81E2-81121C2BFEF7}.Debug|Any CPU.Build.0 = Debug|Any CPU
		{141B1AD6-0885-4058-81E2-81121C2BFEF7}.Release|Any CPU.ActiveCfg = Release|Any CPU
		{141B1AD6-0885-4058-81E2-81121C2BFEF7}.Release|Any CPU.Build.0 = Release|Any CPU
	EndGlobalSection
	GlobalSection(SolutionProperties) = preSolution
		HideSolutionNode = FALSE
	EndGlobalSection
	GlobalSection(ExtensibilityGlobals) = postSolution
		SolutionGuid = {123589B8-A1F3-4CC6-A050-2BEC0616C626}
	EndGlobalSection
EndGlobal
