
Microsoft Visual Studio Solution File, Format Version 12.00
# Visual Studio Version 17
VisualStudioVersion = 17.5.002.0
MinimumVisualStudioVersion = 10.0.40219.1
Project("{9A19103F-16F7-4668-BE54-9A1E7A4F7556}") = "DestinyMatch_API", "DestinyMatch_API.csproj", "{C049C74D-780F-4805-9E61-74DD4424CDF7}"
EndProject
Project("{9A19103F-16F7-4668-BE54-9A1E7A4F7556}") = "FPTIU_API - Backup", "FPTIU_API - Backup.csproj", "{70EFD1EB-DA3B-4D33-B324-3C3E3F898A67}"
EndProject
Global
	GlobalSection(SolutionConfigurationPlatforms) = preSolution
		Debug|Any CPU = Debug|Any CPU
		Release|Any CPU = Release|Any CPU
	EndGlobalSection
	GlobalSection(ProjectConfigurationPlatforms) = postSolution
		{C049C74D-780F-4805-9E61-74DD4424CDF7}.Debug|Any CPU.ActiveCfg = Debug|Any CPU
		{C049C74D-780F-4805-9E61-74DD4424CDF7}.Debug|Any CPU.Build.0 = Debug|Any CPU
		{C049C74D-780F-4805-9E61-74DD4424CDF7}.Release|Any CPU.ActiveCfg = Release|Any CPU
		{C049C74D-780F-4805-9E61-74DD4424CDF7}.Release|Any CPU.Build.0 = Release|Any CPU
		{70EFD1EB-DA3B-4D33-B324-3C3E3F898A67}.Debug|Any CPU.ActiveCfg = Debug|Any CPU
		{70EFD1EB-DA3B-4D33-B324-3C3E3F898A67}.Debug|Any CPU.Build.0 = Debug|Any CPU
		{70EFD1EB-DA3B-4D33-B324-3C3E3F898A67}.Release|Any CPU.ActiveCfg = Release|Any CPU
		{70EFD1EB-DA3B-4D33-B324-3C3E3F898A67}.Release|Any CPU.Build.0 = Release|Any CPU
	EndGlobalSection
	GlobalSection(SolutionProperties) = preSolution
		HideSolutionNode = FALSE
	EndGlobalSection
	GlobalSection(ExtensibilityGlobals) = postSolution
		SolutionGuid = {A91F5FFD-129E-4D4E-B581-576A54E556D9}
	EndGlobalSection
EndGlobal
